
Microsoft Visual Studio Solution File, Format Version 12.00
# Visual Studio Version 17
VisualStudioVersion = 17.9.34607.119
MinimumVisualStudioVersion = 10.0.40219.1
Project("{FAE04EC0-301F-11D3-BF4B-00C04F79EFBC}") = "GenericAttributes", "GenericAttributes.csproj", "{6F19E62C-81E3-4031-BB5B-0B2866FC318B}"
EndProject
Global
	GlobalSection(SolutionConfigurationPlatforms) = preSolution
		Debug|Any CPU = Debug|Any CPU
		Release|Any CPU = Release|Any CPU
	EndGlobalSection
	GlobalSection(ProjectConfigurationPlatforms) = postSolution
		{6F19E62C-81E3-4031-BB5B-0B2866FC318B}.Debug|Any CPU.ActiveCfg = Debug|Any CPU
		{6F19E62C-81E3-4031-BB5B-0B2866FC318B}.Debug|Any CPU.Build.0 = Debug|Any CPU
		{6F19E62C-81E3-4031-BB5B-0B2866FC318B}.Release|Any CPU.ActiveCfg = Release|Any CPU
		{6F19E62C-81E3-4031-BB5B-0B2866FC318B}.Release|Any CPU.Build.0 = Release|Any CPU
	EndGlobalSection
	GlobalSection(SolutionProperties) = preSolution
		HideSolutionNode = FALSE
	EndGlobalSection
	GlobalSection(ExtensibilityGlobals) = postSolution
		SolutionGuid = {B7F229AA-4523-44DD-A9B2-77211EAAC689}
	EndGlobalSection
EndGlobal
